{
  "version": 4,
  "terraform_version": "1.11.1",
  "serial": 32,
  "lineage": "21014a89-0214-5046-ce41-5157ee6a6ea3",
  "outputs": {},
  "resources": [
    {
      "mode": "managed",
      "type": "spotify_playlist",
      "name": "aashik",
      "provider": "provider[\"registry.terraform.io/conradludgate/spotify\"]",
      "instances": [
        {
          "schema_version": 0,
          "attributes": {
            "description": "",
            "id": "6wq6K3xg7p4gQ3UKTXpAmN",
            "name": "terraform playlist",
            "public": true,
            "snapshot_id": "AAAACgrH0Id1yEBmfrZlG2sPS5jHYwxi",
            "tracks": [
              "56zZ48jdyY2oDXHVnwg5Di",
              "7mMkw0JFKnyMS6oGRT6b3O",
              "4dJrjWtAhEkW7VdPYSL1Ip",
              "09ihDlGHKhAKrIqK6JUWNy",
              "7hMKAmUlUUYa5qEiHWK4bk"
            ]
          },
          "sensitive_attributes": [],
          "private": "bnVsbA=="
        }
      ]
    },
    {
      "mode": "managed",
      "type": "spotify_playlist",
      "name": "badri",
      "provider": "provider[\"registry.terraform.io/conradludgate/spotify\"]",
      "instances": [
        {
          "schema_version": 0,
          "attributes": {
            "description": "",
            "id": "6Fcqv5fGwQ2xk4xytpkkjP",
            "name": "terraform playlist 2",
            "public": true,
            "snapshot_id": "AAAAAhdnBgv66XrNeayt8gPzLOV4pShB",
            "tracks": [
              "56zZ48jdyY2oDXHVnwg5Di",
              "7mMkw0JFKnyMS6oGRT6b3O",
              "4dJrjWtAhEkW7VdPYSL1Ip",
              "09ihDlGHKhAKrIqK6JUWNy",
              "7hMKAmUlUUYa5qEiHWK4bk"
            ]
          },
          "sensitive_attributes": [],
          "private": "bnVsbA=="
        }
      ]
    }
  ],
  "check_results": null
}
